
Microsoft Visual Studio Solution File, Format Version 11.00
# Visual Studio 2010
# SharpDevelop 5.1
Project("{FAE04EC0-301F-11D3-BF4B-00C04F79EFBC}") = "CarRent", "CarRent\CarRent.csproj", "{EE8AC4A7-48E8-4A8D-9028-5500BB168FC8}"
EndProject
Global
	GlobalSection(SolutionConfigurationPlatforms) = preSolution
		Debug|Any CPU = Debug|Any CPU
		Release|Any CPU = Release|Any CPU
	EndGlobalSection
	GlobalSection(ProjectConfigurationPlatforms) = postSolution
		{EE8AC4A7-48E8-4A8D-9028-5500BB168FC8}.Debug|Any CPU.ActiveCfg = Debug|Any CPU
		{EE8AC4A7-48E8-4A8D-9028-5500BB168FC8}.Debug|Any CPU.Build.0 = Debug|Any CPU
		{EE8AC4A7-48E8-4A8D-9028-5500BB168FC8}.Release|Any CPU.ActiveCfg = Release|Any CPU
		{EE8AC4A7-48E8-4A8D-9028-5500BB168FC8}.Release|Any CPU.Build.0 = Release|Any CPU
	EndGlobalSection
EndGlobal
